
Microsoft Visual Studio Solution File, Format Version 12.00
# Visual Studio 15
VisualStudioVersion = 15.0.26730.16
MinimumVisualStudioVersion = 10.0.40219.1
Project("{FAE04EC0-301F-11D3-BF4B-00C04F79EFBC}") = "sendmail", "sendmail\sendmail.csproj", "{0818E24D-0A81-4AF4-AB9D-718765C962B7}"
EndProject
Global
	GlobalSection(SolutionConfigurationPlatforms) = preSolution
		Debug|Any CPU = Debug|Any CPU
		Release|Any CPU = Release|Any CPU
	EndGlobalSection
	GlobalSection(ProjectConfigurationPlatforms) = postSolution
		{0818E24D-0A81-4AF4-AB9D-718765C962B7}.Debug|Any CPU.ActiveCfg = Debug|Any CPU
		{0818E24D-0A81-4AF4-AB9D-718765C962B7}.Debug|Any CPU.Build.0 = Debug|Any CPU
		{0818E24D-0A81-4AF4-AB9D-718765C962B7}.Release|Any CPU.ActiveCfg = Release|Any CPU
		{0818E24D-0A81-4AF4-AB9D-718765C962B7}.Release|Any CPU.Build.0 = Release|Any CPU
	EndGlobalSection
	GlobalSection(SolutionProperties) = preSolution
		HideSolutionNode = FALSE
	EndGlobalSection
	GlobalSection(ExtensibilityGlobals) = postSolution
		SolutionGuid = {CC564447-5B5E-4993-BCAA-22C98071F040}
	EndGlobalSection
EndGlobal
