
Microsoft Visual Studio Solution File, Format Version 12.00
# Visual Studio 15
VisualStudioVersion = 15.0.26730.16
MinimumVisualStudioVersion = 10.0.40219.1
Project("{FAE04EC0-301F-11D3-BF4B-00C04F79EFBC}") = "staticdata", "staticdata\staticdata.csproj", "{161F9B8C-2FBC-4CE7-8D8E-CAC3A7C31ECF}"
EndProject
Global
	GlobalSection(SolutionConfigurationPlatforms) = preSolution
		Debug|Any CPU = Debug|Any CPU
		Release|Any CPU = Release|Any CPU
	EndGlobalSection
	GlobalSection(ProjectConfigurationPlatforms) = postSolution
		{161F9B8C-2FBC-4CE7-8D8E-CAC3A7C31ECF}.Debug|Any CPU.ActiveCfg = Debug|Any CPU
		{161F9B8C-2FBC-4CE7-8D8E-CAC3A7C31ECF}.Debug|Any CPU.Build.0 = Debug|Any CPU
		{161F9B8C-2FBC-4CE7-8D8E-CAC3A7C31ECF}.Release|Any CPU.ActiveCfg = Release|Any CPU
		{161F9B8C-2FBC-4CE7-8D8E-CAC3A7C31ECF}.Release|Any CPU.Build.0 = Release|Any CPU
	EndGlobalSection
	GlobalSection(SolutionProperties) = preSolution
		HideSolutionNode = FALSE
	EndGlobalSection
	GlobalSection(ExtensibilityGlobals) = postSolution
		SolutionGuid = {B8C53F9D-65D9-462A-AB3C-042554F3429A}
	EndGlobalSection
EndGlobal
