
Microsoft Visual Studio Solution File, Format Version 12.00
# Visual Studio 15
VisualStudioVersion = 15.0.26730.16
MinimumVisualStudioVersion = 10.0.40219.1
Project("{FAE04EC0-301F-11D3-BF4B-00C04F79EFBC}") = "advance", "advance\advance.csproj", "{F4B5AEBA-B899-4BFF-A853-4FAA399EAC4F}"
EndProject
Global
	GlobalSection(SolutionConfigurationPlatforms) = preSolution
		Debug|Any CPU = Debug|Any CPU
		Release|Any CPU = Release|Any CPU
	EndGlobalSection
	GlobalSection(ProjectConfigurationPlatforms) = postSolution
		{F4B5AEBA-B899-4BFF-A853-4FAA399EAC4F}.Debug|Any CPU.ActiveCfg = Debug|Any CPU
		{F4B5AEBA-B899-4BFF-A853-4FAA399EAC4F}.Debug|Any CPU.Build.0 = Debug|Any CPU
		{F4B5AEBA-B899-4BFF-A853-4FAA399EAC4F}.Release|Any CPU.ActiveCfg = Release|Any CPU
		{F4B5AEBA-B899-4BFF-A853-4FAA399EAC4F}.Release|Any CPU.Build.0 = Release|Any CPU
	EndGlobalSection
	GlobalSection(SolutionProperties) = preSolution
		HideSolutionNode = FALSE
	EndGlobalSection
	GlobalSection(ExtensibilityGlobals) = postSolution
		SolutionGuid = {AFB10966-D3E5-4D86-8888-9BD53A16BBB5}
	EndGlobalSection
EndGlobal
