
Microsoft Visual Studio Solution File, Format Version 12.00
# Visual Studio 15
VisualStudioVersion = 15.0.26730.16
MinimumVisualStudioVersion = 10.0.40219.1
Project("{FAE04EC0-301F-11D3-BF4B-00C04F79EFBC}") = "abstractcl", "abstractcl\abstractcl.csproj", "{08229F17-EACB-4C93-80FA-4C53B492BF62}"
EndProject
Global
	GlobalSection(SolutionConfigurationPlatforms) = preSolution
		Debug|Any CPU = Debug|Any CPU
		Release|Any CPU = Release|Any CPU
	EndGlobalSection
	GlobalSection(ProjectConfigurationPlatforms) = postSolution
		{08229F17-EACB-4C93-80FA-4C53B492BF62}.Debug|Any CPU.ActiveCfg = Debug|Any CPU
		{08229F17-EACB-4C93-80FA-4C53B492BF62}.Debug|Any CPU.Build.0 = Debug|Any CPU
		{08229F17-EACB-4C93-80FA-4C53B492BF62}.Release|Any CPU.ActiveCfg = Release|Any CPU
		{08229F17-EACB-4C93-80FA-4C53B492BF62}.Release|Any CPU.Build.0 = Release|Any CPU
	EndGlobalSection
	GlobalSection(SolutionProperties) = preSolution
		HideSolutionNode = FALSE
	EndGlobalSection
	GlobalSection(ExtensibilityGlobals) = postSolution
		SolutionGuid = {65448327-F013-40D1-A372-563075B580E5}
	EndGlobalSection
EndGlobal
