
Microsoft Visual Studio Solution File, Format Version 12.00
# Visual Studio 15
VisualStudioVersion = 15.0.26730.16
MinimumVisualStudioVersion = 10.0.40219.1
Project("{FAE04EC0-301F-11D3-BF4B-00C04F79EFBC}") = "exceptio", "exceptio\exceptio.csproj", "{45C5B84A-D5BE-479C-BB8B-1DEA7D96E22A}"
EndProject
Global
	GlobalSection(SolutionConfigurationPlatforms) = preSolution
		Debug|Any CPU = Debug|Any CPU
		Release|Any CPU = Release|Any CPU
	EndGlobalSection
	GlobalSection(ProjectConfigurationPlatforms) = postSolution
		{45C5B84A-D5BE-479C-BB8B-1DEA7D96E22A}.Debug|Any CPU.ActiveCfg = Debug|Any CPU
		{45C5B84A-D5BE-479C-BB8B-1DEA7D96E22A}.Debug|Any CPU.Build.0 = Debug|Any CPU
		{45C5B84A-D5BE-479C-BB8B-1DEA7D96E22A}.Release|Any CPU.ActiveCfg = Release|Any CPU
		{45C5B84A-D5BE-479C-BB8B-1DEA7D96E22A}.Release|Any CPU.Build.0 = Release|Any CPU
	EndGlobalSection
	GlobalSection(SolutionProperties) = preSolution
		HideSolutionNode = FALSE
	EndGlobalSection
	GlobalSection(ExtensibilityGlobals) = postSolution
		SolutionGuid = {DA52F6FF-66C9-44F3-9E98-4BA510DC045E}
	EndGlobalSection
EndGlobal
