
Microsoft Visual Studio Solution File, Format Version 12.00
# Visual Studio 15
VisualStudioVersion = 15.0.26730.16
MinimumVisualStudioVersion = 10.0.40219.1
Project("{FAE04EC0-301F-11D3-BF4B-00C04F79EFBC}") = "xml", "xml\xml.csproj", "{5F50BE85-162E-40DA-A634-23B748D03666}"
EndProject
Global
	GlobalSection(SolutionConfigurationPlatforms) = preSolution
		Debug|Any CPU = Debug|Any CPU
		Release|Any CPU = Release|Any CPU
	EndGlobalSection
	GlobalSection(ProjectConfigurationPlatforms) = postSolution
		{5F50BE85-162E-40DA-A634-23B748D03666}.Debug|Any CPU.ActiveCfg = Debug|Any CPU
		{5F50BE85-162E-40DA-A634-23B748D03666}.Debug|Any CPU.Build.0 = Debug|Any CPU
		{5F50BE85-162E-40DA-A634-23B748D03666}.Release|Any CPU.ActiveCfg = Release|Any CPU
		{5F50BE85-162E-40DA-A634-23B748D03666}.Release|Any CPU.Build.0 = Release|Any CPU
	EndGlobalSection
	GlobalSection(SolutionProperties) = preSolution
		HideSolutionNode = FALSE
	EndGlobalSection
	GlobalSection(ExtensibilityGlobals) = postSolution
		SolutionGuid = {8F3E5A0A-9E1B-4A6D-8C9D-E6953D6A8418}
	EndGlobalSection
EndGlobal
