
Microsoft Visual Studio Solution File, Format Version 12.00
# Visual Studio 15
VisualStudioVersion = 15.0.26730.16
MinimumVisualStudioVersion = 10.0.40219.1
Project("{FAE04EC0-301F-11D3-BF4B-00C04F79EFBC}") = "ConsoleApp2", "ConsoleApp2\ConsoleApp2.csproj", "{5176BE5D-EC32-40BB-820D-70BEAC1FC818}"
EndProject
Global
	GlobalSection(SolutionConfigurationPlatforms) = preSolution
		Debug|Any CPU = Debug|Any CPU
		Release|Any CPU = Release|Any CPU
	EndGlobalSection
	GlobalSection(ProjectConfigurationPlatforms) = postSolution
		{5176BE5D-EC32-40BB-820D-70BEAC1FC818}.Debug|Any CPU.ActiveCfg = Debug|Any CPU
		{5176BE5D-EC32-40BB-820D-70BEAC1FC818}.Debug|Any CPU.Build.0 = Debug|Any CPU
		{5176BE5D-EC32-40BB-820D-70BEAC1FC818}.Release|Any CPU.ActiveCfg = Release|Any CPU
		{5176BE5D-EC32-40BB-820D-70BEAC1FC818}.Release|Any CPU.Build.0 = Release|Any CPU
	EndGlobalSection
	GlobalSection(SolutionProperties) = preSolution
		HideSolutionNode = FALSE
	EndGlobalSection
	GlobalSection(ExtensibilityGlobals) = postSolution
		SolutionGuid = {58983783-9278-4B9A-AC8B-069E32246B21}
	EndGlobalSection
EndGlobal
