
Microsoft Visual Studio Solution File, Format Version 12.00
# Visual Studio 15
VisualStudioVersion = 15.0.26730.16
MinimumVisualStudioVersion = 10.0.40219.1
Project("{FAE04EC0-301F-11D3-BF4B-00C04F79EFBC}") = "query", "query\query.csproj", "{FCCD0674-82BE-4B73-863B-2C64DCDCFB4D}"
EndProject
Global
	GlobalSection(SolutionConfigurationPlatforms) = preSolution
		Debug|Any CPU = Debug|Any CPU
		Release|Any CPU = Release|Any CPU
	EndGlobalSection
	GlobalSection(ProjectConfigurationPlatforms) = postSolution
		{FCCD0674-82BE-4B73-863B-2C64DCDCFB4D}.Debug|Any CPU.ActiveCfg = Debug|Any CPU
		{FCCD0674-82BE-4B73-863B-2C64DCDCFB4D}.Debug|Any CPU.Build.0 = Debug|Any CPU
		{FCCD0674-82BE-4B73-863B-2C64DCDCFB4D}.Release|Any CPU.ActiveCfg = Release|Any CPU
		{FCCD0674-82BE-4B73-863B-2C64DCDCFB4D}.Release|Any CPU.Build.0 = Release|Any CPU
	EndGlobalSection
	GlobalSection(SolutionProperties) = preSolution
		HideSolutionNode = FALSE
	EndGlobalSection
	GlobalSection(ExtensibilityGlobals) = postSolution
		SolutionGuid = {BABB3BFF-B6CB-4FA0-8EB1-5791BA88B013}
	EndGlobalSection
EndGlobal
