
Microsoft Visual Studio Solution File, Format Version 12.00
# Visual Studio 15
VisualStudioVersion = 15.0.26730.16
MinimumVisualStudioVersion = 10.0.40219.1
Project("{FAE04EC0-301F-11D3-BF4B-00C04F79EFBC}") = "enum2", "enum2\enum2.csproj", "{71F263F4-0C13-45A1-8EB2-B83A6310F0F2}"
EndProject
Global
	GlobalSection(SolutionConfigurationPlatforms) = preSolution
		Debug|Any CPU = Debug|Any CPU
		Release|Any CPU = Release|Any CPU
	EndGlobalSection
	GlobalSection(ProjectConfigurationPlatforms) = postSolution
		{71F263F4-0C13-45A1-8EB2-B83A6310F0F2}.Debug|Any CPU.ActiveCfg = Debug|Any CPU
		{71F263F4-0C13-45A1-8EB2-B83A6310F0F2}.Debug|Any CPU.Build.0 = Debug|Any CPU
		{71F263F4-0C13-45A1-8EB2-B83A6310F0F2}.Release|Any CPU.ActiveCfg = Release|Any CPU
		{71F263F4-0C13-45A1-8EB2-B83A6310F0F2}.Release|Any CPU.Build.0 = Release|Any CPU
	EndGlobalSection
	GlobalSection(SolutionProperties) = preSolution
		HideSolutionNode = FALSE
	EndGlobalSection
	GlobalSection(ExtensibilityGlobals) = postSolution
		SolutionGuid = {EBA0F098-E9EA-4BE4-AEE9-7C5788507591}
	EndGlobalSection
EndGlobal
